
Microsoft Visual Studio Solution File, Format Version 12.00
# Visual Studio 15
VisualStudioVersion = 15.0.28307.757
MinimumVisualStudioVersion = 10.0.40219.1
Project("{FAE04EC0-301F-11D3-BF4B-00C04F79EFBC}") = "squareCalc", "squareCalc\squareCalc.csproj", "{86770679-8A1D-4916-B41A-D13D1D615D85}"
EndProject
Project("{FAE04EC0-301F-11D3-BF4B-00C04F79EFBC}") = "Test", "Test\Test.csproj", "{14DCC7A3-153B-4B96-AAF4-8248C8E417C2}"
EndProject
Global
	GlobalSection(SolutionConfigurationPlatforms) = preSolution
		Debug|Any CPU = Debug|Any CPU
		Release|Any CPU = Release|Any CPU
	EndGlobalSection
	GlobalSection(ProjectConfigurationPlatforms) = postSolution
		{86770679-8A1D-4916-B41A-D13D1D615D85}.Debug|Any CPU.ActiveCfg = Debug|Any CPU
		{86770679-8A1D-4916-B41A-D13D1D615D85}.Debug|Any CPU.Build.0 = Debug|Any CPU
		{86770679-8A1D-4916-B41A-D13D1D615D85}.Release|Any CPU.ActiveCfg = Release|Any CPU
		{86770679-8A1D-4916-B41A-D13D1D615D85}.Release|Any CPU.Build.0 = Release|Any CPU
		{14DCC7A3-153B-4B96-AAF4-8248C8E417C2}.Debug|Any CPU.ActiveCfg = Debug|Any CPU
		{14DCC7A3-153B-4B96-AAF4-8248C8E417C2}.Debug|Any CPU.Build.0 = Debug|Any CPU
		{14DCC7A3-153B-4B96-AAF4-8248C8E417C2}.Release|Any CPU.ActiveCfg = Release|Any CPU
		{14DCC7A3-153B-4B96-AAF4-8248C8E417C2}.Release|Any CPU.Build.0 = Release|Any CPU
	EndGlobalSection
	GlobalSection(SolutionProperties) = preSolution
		HideSolutionNode = FALSE
	EndGlobalSection
	GlobalSection(ExtensibilityGlobals) = postSolution
		SolutionGuid = {9880308A-E6D9-4A34-93A2-29CA9B1AF321}
	EndGlobalSection
EndGlobal
